// !$*UTF8*$!
{
	archiveVersion = 1;
	classes = {
	};
	objectVersion = 48;
	objects = {

/* Begin PBXBuildFile section */
		6F104F911FE1E1FA00B1AA8A /* AppDelegate.swift in Sources */ = {isa = PBXBuildFile; fileRef = 6F104F901FE1E1FA00B1AA8A /* AppDelegate.swift */; };
		6F104F981FE1E1FA00B1AA8A /* Assets.xcassets in Resources */ = {isa = PBXBuildFile; fileRef = 6F104F971FE1E1FA00B1AA8A /* Assets.xcassets */; };
		6F104FA61FE1E1FB00B1AA8A /* TwittisticsTests.swift in Sources */ = {isa = PBXBuildFile; fileRef = 6F104FA51FE1E1FB00B1AA8A /* TwittisticsTests.swift */; };
		6F104FB11FE1E1FB00B1AA8A /* TwittisticsUITests.swift in Sources */ = {isa = PBXBuildFile; fileRef = 6F104FB01FE1E1FB00B1AA8A /* TwittisticsUITests.swift */; };
		6F104FC01FE1E85300B1AA8A /* UserProfileViewController.swift in Sources */ = {isa = PBXBuildFile; fileRef = 6F104FBF1FE1E85300B1AA8A /* UserProfileViewController.swift */; };
		6F104FC31FE1EAB700B1AA8A /* UIView+Utilites.swift in Sources */ = {isa = PBXBuildFile; fileRef = 6F104FC21FE1EAB700B1AA8A /* UIView+Utilites.swift */; };
		813F5081A7F52C3073AB0141 /* Pods_TwittisticsTests.framework in Frameworks */ = {isa = PBXBuildFile; fileRef = DFC547DADD6D01D3BBD9DA21 /* Pods_TwittisticsTests.framework */; };
		A1B1738C241ED65CE7FCACD9 /* Pods_TwittisticsUITests.framework in Frameworks */ = {isa = PBXBuildFile; fileRef = D8A73597C4E4CBAC709D0616 /* Pods_TwittisticsUITests.framework */; };
		AFBA3E30DEB89D21ED22DF51 /* Pods_Twittistics.framework in Frameworks */ = {isa = PBXBuildFile; fileRef = 712FCAECDA2F5A0F8D64C751 /* Pods_Twittistics.framework */; };
/* End PBXBuildFile section */

/* Begin PBXContainerItemProxy section */
		6F104FA21FE1E1FB00B1AA8A /* PBXContainerItemProxy */ = {
			isa = PBXContainerItemProxy;
			containerPortal = 6F104F851FE1E1FA00B1AA8A /* Project object */;
			proxyType = 1;
			remoteGlobalIDString = 6F104F8C1FE1E1FA00B1AA8A;
			remoteInfo = Twittistics;
		};
		6F104FAD1FE1E1FB00B1AA8A /* PBXContainerItemProxy */ = {
			isa = PBXContainerItemProxy;
			containerPortal = 6F104F851FE1E1FA00B1AA8A /* Project object */;
			proxyType = 1;
			remoteGlobalIDString = 6F104F8C1FE1E1FA00B1AA8A;
			remoteInfo = Twittistics;
		};
/* End PBXContainerItemProxy section */

/* Begin PBXFileReference section */
		03195066F5A2F51655968B68 /* Pods-TwittisticsUITests.debug.xcconfig */ = {isa = PBXFileReference; includeInIndex = 1; lastKnownFileType = text.xcconfig; name = "Pods-TwittisticsUITests.debug.xcconfig"; path = "Pods/Target Support Files/Pods-TwittisticsUITests/Pods-TwittisticsUITests.debug.xcconfig"; sourceTree = "<group>"; };
		2F75F3070F2A9F554B728E58 /* Pods-Twittistics.debug.xcconfig */ = {isa = PBXFileReference; includeInIndex = 1; lastKnownFileType = text.xcconfig; name = "Pods-Twittistics.debug.xcconfig"; path = "Pods/Target Support Files/Pods-Twittistics/Pods-Twittistics.debug.xcconfig"; sourceTree = "<group>"; };
		3D16285C5E915A8F0D4E92E3 /* Pods-TwittisticsTests.release.xcconfig */ = {isa = PBXFileReference; includeInIndex = 1; lastKnownFileType = text.xcconfig; name = "Pods-TwittisticsTests.release.xcconfig"; path = "Pods/Target Support Files/Pods-TwittisticsTests/Pods-TwittisticsTests.release.xcconfig"; sourceTree = "<group>"; };
		6F104F8D1FE1E1FA00B1AA8A /* Twittistics.app */ = {isa = PBXFileReference; explicitFileType = wrapper.application; includeInIndex = 0; path = Twittistics.app; sourceTree = BUILT_PRODUCTS_DIR; };
		6F104F901FE1E1FA00B1AA8A /* AppDelegate.swift */ = {isa = PBXFileReference; lastKnownFileType = sourcecode.swift; path = AppDelegate.swift; sourceTree = "<group>"; };
		6F104F971FE1E1FA00B1AA8A /* Assets.xcassets */ = {isa = PBXFileReference; lastKnownFileType = folder.assetcatalog; path = Assets.xcassets; sourceTree = "<group>"; };
		6F104F9C1FE1E1FA00B1AA8A /* Info.plist */ = {isa = PBXFileReference; lastKnownFileType = text.plist.xml; path = Info.plist; sourceTree = "<group>"; };
		6F104FA11FE1E1FA00B1AA8A /* TwittisticsTests.xctest */ = {isa = PBXFileReference; explicitFileType = wrapper.cfbundle; includeInIndex = 0; path = TwittisticsTests.xctest; sourceTree = BUILT_PRODUCTS_DIR; };
		6F104FA51FE1E1FB00B1AA8A /* TwittisticsTests.swift */ = {isa = PBXFileReference; lastKnownFileType = sourcecode.swift; path = TwittisticsTests.swift; sourceTree = "<group>"; };
		6F104FA71FE1E1FB00B1AA8A /* Info.plist */ = {isa = PBXFileReference; lastKnownFileType = text.plist.xml; path = Info.plist; sourceTree = "<group>"; };
		6F104FAC1FE1E1FB00B1AA8A /* TwittisticsUITests.xctest */ = {isa = PBXFileReference; explicitFileType = wrapper.cfbundle; includeInIndex = 0; path = TwittisticsUITests.xctest; sourceTree = BUILT_PRODUCTS_DIR; };
		6F104FB01FE1E1FB00B1AA8A /* TwittisticsUITests.swift */ = {isa = PBXFileReference; lastKnownFileType = sourcecode.swift; path = TwittisticsUITests.swift; sourceTree = "<group>"; };
		6F104FB21FE1E1FB00B1AA8A /* Info.plist */ = {isa = PBXFileReference; lastKnownFileType = text.plist.xml; path = Info.plist; sourceTree = "<group>"; };
		6F104FBF1FE1E85300B1AA8A /* UserProfileViewController.swift */ = {isa = PBXFileReference; lastKnownFileType = sourcecode.swift; path = UserProfileViewController.swift; sourceTree = "<group>"; };
		6F104FC21FE1EAB700B1AA8A /* UIView+Utilites.swift */ = {isa = PBXFileReference; fileEncoding = 4; lastKnownFileType = sourcecode.swift; path = "UIView+Utilites.swift"; sourceTree = "<group>"; };
		712FCAECDA2F5A0F8D64C751 /* Pods_Twittistics.framework */ = {isa = PBXFileReference; explicitFileType = wrapper.framework; includeInIndex = 0; path = Pods_Twittistics.framework; sourceTree = BUILT_PRODUCTS_DIR; };
		A02C520FD718E7CE830E6EE5 /* Pods-TwittisticsUITests.release.xcconfig */ = {isa = PBXFileReference; includeInIndex = 1; lastKnownFileType = text.xcconfig; name = "Pods-TwittisticsUITests.release.xcconfig"; path = "Pods/Target Support Files/Pods-TwittisticsUITests/Pods-TwittisticsUITests.release.xcconfig"; sourceTree = "<group>"; };
		CD9201C21120A8C6E8F60CDD /* Pods-TwittisticsTests.debug.xcconfig */ = {isa = PBXFileReference; includeInIndex = 1; lastKnownFileType = text.xcconfig; name = "Pods-TwittisticsTests.debug.xcconfig"; path = "Pods/Target Support Files/Pods-TwittisticsTests/Pods-TwittisticsTests.debug.xcconfig"; sourceTree = "<group>"; };
		D8A73597C4E4CBAC709D0616 /* Pods_TwittisticsUITests.framework */ = {isa = PBXFileReference; explicitFileType = wrapper.framework; includeInIndex = 0; path = Pods_TwittisticsUITests.framework; sourceTree = BUILT_PRODUCTS_DIR; };
		DFC547DADD6D01D3BBD9DA21 /* Pods_TwittisticsTests.framework */ = {isa = PBXFileReference; explicitFileType = wrapper.framework; includeInIndex = 0; path = Pods_TwittisticsTests.framework; sourceTree = BUILT_PRODUCTS_DIR; };
		E4B0F1417822013C39019CA3 /* Pods-Twittistics.release.xcconfig */ = {isa = PBXFileReference; includeInIndex = 1; lastKnownFileType = text.xcconfig; name = "Pods-Twittistics.release.xcconfig"; path = "Pods/Target Support Files/Pods-Twittistics/Pods-Twittistics.release.xcconfig"; sourceTree = "<group>"; };
/* End PBXFileReference section */

/* Begin PBXFrameworksBuildPhase section */
		6F104F8A1FE1E1FA00B1AA8A /* Frameworks */ = {
			isa = PBXFrameworksBuildPhase;
			buildActionMask = 2147483647;
			files = (
				AFBA3E30DEB89D21ED22DF51 /* Pods_Twittistics.framework in Frameworks */,
			);
			runOnlyForDeploymentPostprocessing = 0;
		};
		6F104F9E1FE1E1FA00B1AA8A /* Frameworks */ = {
			isa = PBXFrameworksBuildPhase;
			buildActionMask = 2147483647;
			files = (
				813F5081A7F52C3073AB0141 /* Pods_TwittisticsTests.framework in Frameworks */,
			);
			runOnlyForDeploymentPostprocessing = 0;
		};
		6F104FA91FE1E1FB00B1AA8A /* Frameworks */ = {
			isa = PBXFrameworksBuildPhase;
			buildActionMask = 2147483647;
			files = (
				A1B1738C241ED65CE7FCACD9 /* Pods_TwittisticsUITests.framework in Frameworks */,
			);
			runOnlyForDeploymentPostprocessing = 0;
		};
/* End PBXFrameworksBuildPhase section */

/* Begin PBXGroup section */
		6F104F841FE1E1FA00B1AA8A = {
			isa = PBXGroup;
			children = (
				6F104F8F1FE1E1FA00B1AA8A /* Twittistics */,
				6F104FA41FE1E1FB00B1AA8A /* TwittisticsTests */,
				6F104FAF1FE1E1FB00B1AA8A /* TwittisticsUITests */,
				6F104F8E1FE1E1FA00B1AA8A /* Products */,
				E1388E09E422A21C2270C786 /* Pods */,
				C2E4303C284E46A7E6923A58 /* Frameworks */,
			);
			sourceTree = "<group>";
		};
		6F104F8E1FE1E1FA00B1AA8A /* Products */ = {
			isa = PBXGroup;
			children = (
				6F104F8D1FE1E1FA00B1AA8A /* Twittistics.app */,
				6F104FA11FE1E1FA00B1AA8A /* TwittisticsTests.xctest */,
				6F104FAC1FE1E1FB00B1AA8A /* TwittisticsUITests.xctest */,
			);
			name = Products;
			sourceTree = "<group>";
		};
		6F104F8F1FE1E1FA00B1AA8A /* Twittistics */ = {
			isa = PBXGroup;
			children = (
				6F4DA9C51FE2E0B700065485 /* Other */,
				6F104FC11FE1EA6500B1AA8A /* Extensions */,
				6F104FBE1FE1E75300B1AA8A /* Controller */,
				6F104F901FE1E1FA00B1AA8A /* AppDelegate.swift */,
				6F104F9C1FE1E1FA00B1AA8A /* Info.plist */,
			);
			path = Twittistics;
			sourceTree = "<group>";
		};
		6F104FA41FE1E1FB00B1AA8A /* TwittisticsTests */ = {
			isa = PBXGroup;
			children = (
				6F104FA51FE1E1FB00B1AA8A /* TwittisticsTests.swift */,
				6F104FA71FE1E1FB00B1AA8A /* Info.plist */,
			);
			path = TwittisticsTests;
			sourceTree = "<group>";
		};
		6F104FAF1FE1E1FB00B1AA8A /* TwittisticsUITests */ = {
			isa = PBXGroup;
			children = (
				6F104FB01FE1E1FB00B1AA8A /* TwittisticsUITests.swift */,
				6F104FB21FE1E1FB00B1AA8A /* Info.plist */,
			);
			path = TwittisticsUITests;
			sourceTree = "<group>";
		};
		6F104FBE1FE1E75300B1AA8A /* Controller */ = {
			isa = PBXGroup;
			children = (
				6F104FBF1FE1E85300B1AA8A /* UserProfileViewController.swift */,
			);
			path = Controller;
			sourceTree = "<group>";
		};
		6F104FC11FE1EA6500B1AA8A /* Extensions */ = {
			isa = PBXGroup;
			children = (
				6F104FC21FE1EAB700B1AA8A /* UIView+Utilites.swift */,
			);
			path = Extensions;
			sourceTree = "<group>";
		};
		6F4DA9C51FE2E0B700065485 /* Other */ = {
			isa = PBXGroup;
			children = (
				6F104F971FE1E1FA00B1AA8A /* Assets.xcassets */,
			);
			path = Other;
			sourceTree = "<group>";
		};
		C2E4303C284E46A7E6923A58 /* Frameworks */ = {
			isa = PBXGroup;
			children = (
				712FCAECDA2F5A0F8D64C751 /* Pods_Twittistics.framework */,
				DFC547DADD6D01D3BBD9DA21 /* Pods_TwittisticsTests.framework */,
				D8A73597C4E4CBAC709D0616 /* Pods_TwittisticsUITests.framework */,
			);
			name = Frameworks;
			sourceTree = "<group>";
		};
		E1388E09E422A21C2270C786 /* Pods */ = {
			isa = PBXGroup;
			children = (
				2F75F3070F2A9F554B728E58 /* Pods-Twittistics.debug.xcconfig */,
				E4B0F1417822013C39019CA3 /* Pods-Twittistics.release.xcconfig */,
				CD9201C21120A8C6E8F60CDD /* Pods-TwittisticsTests.debug.xcconfig */,
				3D16285C5E915A8F0D4E92E3 /* Pods-TwittisticsTests.release.xcconfig */,
				03195066F5A2F51655968B68 /* Pods-TwittisticsUITests.debug.xcconfig */,
				A02C520FD718E7CE830E6EE5 /* Pods-TwittisticsUITests.release.xcconfig */,
			);
			name = Pods;
			sourceTree = "<group>";
		};
/* End PBXGroup section */

/* Begin PBXNativeTarget section */
		6F104F8C1FE1E1FA00B1AA8A /* Twittistics */ = {
			isa = PBXNativeTarget;
			buildConfigurationList = 6F104FB51FE1E1FB00B1AA8A /* Build configuration list for PBXNativeTarget "Twittistics" */;
			buildPhases = (
				E990EBFA6C71F6AE65177C54 /* [CP] Check Pods Manifest.lock */,
				6F104F891FE1E1FA00B1AA8A /* Sources */,
				6F104F8A1FE1E1FA00B1AA8A /* Frameworks */,
				6F104F8B1FE1E1FA00B1AA8A /* Resources */,
				4BA259A46C366A11596670F6 /* [CP] Embed Pods Frameworks */,
				98077B4097BD8EDE422FF8B0 /* [CP] Copy Pods Resources */,
			);
			buildRules = (
			);
			dependencies = (
			);
			name = Twittistics;
			productName = Twittistics;
			productReference = 6F104F8D1FE1E1FA00B1AA8A /* Twittistics.app */;
			productType = "com.apple.product-type.application";
		};
		6F104FA01FE1E1FA00B1AA8A /* TwittisticsTests */ = {
			isa = PBXNativeTarget;
			buildConfigurationList = 6F104FB81FE1E1FB00B1AA8A /* Build configuration list for PBXNativeTarget "TwittisticsTests" */;
			buildPhases = (
				648755CBCC2060FE2D28AD6E /* [CP] Check Pods Manifest.lock */,
				6F104F9D1FE1E1FA00B1AA8A /* Sources */,
				6F104F9E1FE1E1FA00B1AA8A /* Frameworks */,
				6F104F9F1FE1E1FA00B1AA8A /* Resources */,
				DBFB566FACF3F8A51A7D593A /* [CP] Embed Pods Frameworks */,
				4FCF8C266567A9D6C71A125F /* [CP] Copy Pods Resources */,
			);
			buildRules = (
			);
			dependencies = (
				6F104FA31FE1E1FB00B1AA8A /* PBXTargetDependency */,
			);
			name = TwittisticsTests;
			productName = TwittisticsTests;
			productReference = 6F104FA11FE1E1FA00B1AA8A /* TwittisticsTests.xctest */;
			productType = "com.apple.product-type.bundle.unit-test";
		};
		6F104FAB1FE1E1FB00B1AA8A /* TwittisticsUITests */ = {
			isa = PBXNativeTarget;
			buildConfigurationList = 6F104FBB1FE1E1FB00B1AA8A /* Build configuration list for PBXNativeTarget "TwittisticsUITests" */;
			buildPhases = (
				130E88BC0F3E9452564F570E /* [CP] Check Pods Manifest.lock */,
				6F104FA81FE1E1FB00B1AA8A /* Sources */,
				6F104FA91FE1E1FB00B1AA8A /* Frameworks */,
				6F104FAA1FE1E1FB00B1AA8A /* Resources */,
				305464C405516C64651B7091 /* [CP] Embed Pods Frameworks */,
				AF2994E14C1D5760671D2E29 /* [CP] Copy Pods Resources */,
			);
			buildRules = (
			);
			dependencies = (
				6F104FAE1FE1E1FB00B1AA8A /* PBXTargetDependency */,
			);
			name = TwittisticsUITests;
			productName = TwittisticsUITests;
			productReference = 6F104FAC1FE1E1FB00B1AA8A /* TwittisticsUITests.xctest */;
			productType = "com.apple.product-type.bundle.ui-testing";
		};
/* End PBXNativeTarget section */

/* Begin PBXProject section */
		6F104F851FE1E1FA00B1AA8A /* Project object */ = {
			isa = PBXProject;
			attributes = {
				LastSwiftUpdateCheck = 0920;
				LastUpgradeCheck = 0920;
				ORGANIZATIONNAME = "Pedro Remedios";
				TargetAttributes = {
					6F104F8C1FE1E1FA00B1AA8A = {
						CreatedOnToolsVersion = 9.2;
						ProvisioningStyle = Automatic;
					};
					6F104FA01FE1E1FA00B1AA8A = {
						CreatedOnToolsVersion = 9.2;
						ProvisioningStyle = Automatic;
						TestTargetID = 6F104F8C1FE1E1FA00B1AA8A;
					};
					6F104FAB1FE1E1FB00B1AA8A = {
						CreatedOnToolsVersion = 9.2;
						ProvisioningStyle = Automatic;
						TestTargetID = 6F104F8C1FE1E1FA00B1AA8A;
					};
				};
			};
			buildConfigurationList = 6F104F881FE1E1FA00B1AA8A /* Build configuration list for PBXProject "Twittistics" */;
			compatibilityVersion = "Xcode 8.0";
			developmentRegion = en;
			hasScannedForEncodings = 0;
			knownRegions = (
				en,
				Base,
			);
			mainGroup = 6F104F841FE1E1FA00B1AA8A;
			productRefGroup = 6F104F8E1FE1E1FA00B1AA8A /* Products */;
			projectDirPath = "";
			projectRoot = "";
			targets = (
				6F104F8C1FE1E1FA00B1AA8A /* Twittistics */,
				6F104FA01FE1E1FA00B1AA8A /* TwittisticsTests */,
				6F104FAB1FE1E1FB00B1AA8A /* TwittisticsUITests */,
			);
		};
/* End PBXProject section */

/* Begin PBXResourcesBuildPhase section */
		6F104F8B1FE1E1FA00B1AA8A /* Resources */ = {
			isa = PBXResourcesBuildPhase;
			buildActionMask = 2147483647;
			files = (
				6F104F981FE1E1FA00B1AA8A /* Assets.xcassets in Resources */,
			);
			runOnlyForDeploymentPostprocessing = 0;
		};
		6F104F9F1FE1E1FA00B1AA8A /* Resources */ = {
			isa = PBXResourcesBuildPhase;
			buildActionMask = 2147483647;
			files = (
			);
			runOnlyForDeploymentPostprocessing = 0;
		};
		6F104FAA1FE1E1FB00B1AA8A /* Resources */ = {
			isa = PBXResourcesBuildPhase;
			buildActionMask = 2147483647;
			files = (
			);
			runOnlyForDeploymentPostprocessing = 0;
		};
/* End PBXResourcesBuildPhase section */

/* Begin PBXShellScriptBuildPhase section */
		130E88BC0F3E9452564F570E /* [CP] Check Pods Manifest.lock */ = {
			isa = PBXShellScriptBuildPhase;
			buildActionMask = 2147483647;
			files = (
			);
			inputPaths = (
				"${PODS_PODFILE_DIR_PATH}/Podfile.lock",
				"${PODS_ROOT}/Manifest.lock",
			);
			name = "[CP] Check Pods Manifest.lock";
			outputPaths = (
				"$(DERIVED_FILE_DIR)/Pods-TwittisticsUITests-checkManifestLockResult.txt",
			);
			runOnlyForDeploymentPostprocessing = 0;
			shellPath = /bin/sh;
			shellScript = "diff \"${PODS_PODFILE_DIR_PATH}/Podfile.lock\" \"${PODS_ROOT}/Manifest.lock\" > /dev/null\nif [ $? != 0 ] ; then\n    # print error to STDERR\n    echo \"error: The sandbox is not in sync with the Podfile.lock. Run 'pod install' or update your CocoaPods installation.\" >&2\n    exit 1\nfi\n# This output is used by Xcode 'outputs' to avoid re-running this script phase.\necho \"SUCCESS\" > \"${SCRIPT_OUTPUT_FILE_0}\"\n";
			showEnvVarsInLog = 0;
		};
		305464C405516C64651B7091 /* [CP] Embed Pods Frameworks */ = {
			isa = PBXShellScriptBuildPhase;
			buildActionMask = 2147483647;
			files = (
			);
			inputPaths = (
			);
			name = "[CP] Embed Pods Frameworks";
			outputPaths = (
			);
			runOnlyForDeploymentPostprocessing = 0;
			shellPath = /bin/sh;
			shellScript = "\"${SRCROOT}/Pods/Target Support Files/Pods-TwittisticsUITests/Pods-TwittisticsUITests-frameworks.sh\"\n";
			showEnvVarsInLog = 0;
		};
		4BA259A46C366A11596670F6 /* [CP] Embed Pods Frameworks */ = {
			isa = PBXShellScriptBuildPhase;
			buildActionMask = 2147483647;
			files = (
			);
			inputPaths = (
			);
			name = "[CP] Embed Pods Frameworks";
			outputPaths = (
			);
			runOnlyForDeploymentPostprocessing = 0;
			shellPath = /bin/sh;
			shellScript = "\"${SRCROOT}/Pods/Target Support Files/Pods-Twittistics/Pods-Twittistics-frameworks.sh\"\n";
			showEnvVarsInLog = 0;
		};
		4FCF8C266567A9D6C71A125F /* [CP] Copy Pods Resources */ = {
			isa = PBXShellScriptBuildPhase;
			buildActionMask = 2147483647;
			files = (
			);
			inputPaths = (
			);
			name = "[CP] Copy Pods Resources";
			outputPaths = (
			);
			runOnlyForDeploymentPostprocessing = 0;
			shellPath = /bin/sh;
			shellScript = "\"${SRCROOT}/Pods/Target Support Files/Pods-TwittisticsTests/Pods-TwittisticsTests-resources.sh\"\n";
			showEnvVarsInLog = 0;
		};
		648755CBCC2060FE2D28AD6E /* [CP] Check Pods Manifest.lock */ = {
			isa = PBXShellScriptBuildPhase;
			buildActionMask = 2147483647;
			files = (
			);
			inputPaths = (
				"${PODS_PODFILE_DIR_PATH}/Podfile.lock",
				"${PODS_ROOT}/Manifest.lock",
			);
			name = "[CP] Check Pods Manifest.lock";
			outputPaths = (
				"$(DERIVED_FILE_DIR)/Pods-TwittisticsTests-checkManifestLockResult.txt",
			);
			runOnlyForDeploymentPostprocessing = 0;
			shellPath = /bin/sh;
			shellScript = "diff \"${PODS_PODFILE_DIR_PATH}/Podfile.lock\" \"${PODS_ROOT}/Manifest.lock\" > /dev/null\nif [ $? != 0 ] ; then\n    # print error to STDERR\n    echo \"error: The sandbox is not in sync with the Podfile.lock. Run 'pod install' or update your CocoaPods installation.\" >&2\n    exit 1\nfi\n# This output is used by Xcode 'outputs' to avoid re-running this script phase.\necho \"SUCCESS\" > \"${SCRIPT_OUTPUT_FILE_0}\"\n";
			showEnvVarsInLog = 0;
		};
		98077B4097BD8EDE422FF8B0 /* [CP] Copy Pods Resources */ = {
			isa = PBXShellScriptBuildPhase;
			buildActionMask = 2147483647;
			files = (
			);
			inputPaths = (
				"${SRCROOT}/Pods/Target Support Files/Pods-Twittistics/Pods-Twittistics-resources.sh",
				"${PODS_ROOT}/TwitterKit/iOS/TwitterKit.framework/TwitterKitResources.bundle",
				"${PODS_ROOT}/TwitterKit/iOS/TwitterKit.framework/TwitterShareExtensionUIResources.bundle",
			);
			name = "[CP] Copy Pods Resources";
			outputPaths = (
				"${TARGET_BUILD_DIR}/${UNLOCALIZED_RESOURCES_FOLDER_PATH}",
			);
			runOnlyForDeploymentPostprocessing = 0;
			shellPath = /bin/sh;
			shellScript = "\"${SRCROOT}/Pods/Target Support Files/Pods-Twittistics/Pods-Twittistics-resources.sh\"\n";
			showEnvVarsInLog = 0;
		};
		AF2994E14C1D5760671D2E29 /* [CP] Copy Pods Resources */ = {
			isa = PBXShellScriptBuildPhase;
			buildActionMask = 2147483647;
			files = (
			);
			inputPaths = (
			);
			name = "[CP] Copy Pods Resources";
			outputPaths = (
			);
			runOnlyForDeploymentPostprocessing = 0;
			shellPath = /bin/sh;
			shellScript = "\"${SRCROOT}/Pods/Target Support Files/Pods-TwittisticsUITests/Pods-TwittisticsUITests-resources.sh\"\n";
			showEnvVarsInLog = 0;
		};
		DBFB566FACF3F8A51A7D593A /* [CP] Embed Pods Frameworks */ = {
			isa = PBXShellScriptBuildPhase;
			buildActionMask = 2147483647;
			files = (
			);
			inputPaths = (
			);
			name = "[CP] Embed Pods Frameworks";
			outputPaths = (
			);
			runOnlyForDeploymentPostprocessing = 0;
			shellPath = /bin/sh;
			shellScript = "\"${SRCROOT}/Pods/Target Support Files/Pods-TwittisticsTests/Pods-TwittisticsTests-frameworks.sh\"\n";
			showEnvVarsInLog = 0;
		};
		E990EBFA6C71F6AE65177C54 /* [CP] Check Pods Manifest.lock */ = {
			isa = PBXShellScriptBuildPhase;
			buildActionMask = 2147483647;
			files = (
			);
			inputPaths = (
				"${PODS_PODFILE_DIR_PATH}/Podfile.lock",
				"${PODS_ROOT}/Manifest.lock",
			);
			name = "[CP] Check Pods Manifest.lock";
			outputPaths = (
				"$(DERIVED_FILE_DIR)/Pods-Twittistics-checkManifestLockResult.txt",
			);
			runOnlyForDeploymentPostprocessing = 0;
			shellPath = /bin/sh;
			shellScript = "diff \"${PODS_PODFILE_DIR_PATH}/Podfile.lock\" \"${PODS_ROOT}/Manifest.lock\" > /dev/null\nif [ $? != 0 ] ; then\n    # print error to STDERR\n    echo \"error: The sandbox is not in sync with the Podfile.lock. Run 'pod install' or update your CocoaPods installation.\" >&2\n    exit 1\nfi\n# This output is used by Xcode 'outputs' to avoid re-running this script phase.\necho \"SUCCESS\" > \"${SCRIPT_OUTPUT_FILE_0}\"\n";
			showEnvVarsInLog = 0;
		};
/* End PBXShellScriptBuildPhase section */

/* Begin PBXSourcesBuildPhase section */
		6F104F891FE1E1FA00B1AA8A /* Sources */ = {
			isa = PBXSourcesBuildPhase;
			buildActionMask = 2147483647;
			files = (
				6F104FC01FE1E85300B1AA8A /* UserProfileViewController.swift in Sources */,
				6F104F911FE1E1FA00B1AA8A /* AppDelegate.swift in Sources */,
				6F104FC31FE1EAB700B1AA8A /* UIView+Utilites.swift in Sources */,
			);
			runOnlyForDeploymentPostprocessing = 0;
		};
		6F104F9D1FE1E1FA00B1AA8A /* Sources */ = {
			isa = PBXSourcesBuildPhase;
			buildActionMask = 2147483647;
			files = (
				6F104FA61FE1E1FB00B1AA8A /* TwittisticsTests.swift in Sources */,
			);
			runOnlyForDeploymentPostprocessing = 0;
		};
		6F104FA81FE1E1FB00B1AA8A /* Sources */ = {
			isa = PBXSourcesBuildPhase;
			buildActionMask = 2147483647;
			files = (
				6F104FB11FE1E1FB00B1AA8A /* TwittisticsUITests.swift in Sources */,
			);
			runOnlyForDeploymentPostprocessing = 0;
		};
/* End PBXSourcesBuildPhase section */

/* Begin PBXTargetDependency section */
		6F104FA31FE1E1FB00B1AA8A /* PBXTargetDependency */ = {
			isa = PBXTargetDependency;
			target = 6F104F8C1FE1E1FA00B1AA8A /* Twittistics */;
			targetProxy = 6F104FA21FE1E1FB00B1AA8A /* PBXContainerItemProxy */;
		};
		6F104FAE1FE1E1FB00B1AA8A /* PBXTargetDependency */ = {
			isa = PBXTargetDependency;
			target = 6F104F8C1FE1E1FA00B1AA8A /* Twittistics */;
			targetProxy = 6F104FAD1FE1E1FB00B1AA8A /* PBXContainerItemProxy */;
		};
/* End PBXTargetDependency section */

/* Begin XCBuildConfiguration section */
		6F104FB31FE1E1FB00B1AA8A /* Debug */ = {
			isa = XCBuildConfiguration;
			buildSettings = {
				ALWAYS_SEARCH_USER_PATHS = NO;
				CLANG_ANALYZER_NONNULL = YES;
				CLANG_ANALYZER_NUMBER_OBJECT_CONVERSION = YES_AGGRESSIVE;
				CLANG_CXX_LANGUAGE_STANDARD = "gnu++14";
				CLANG_CXX_LIBRARY = "libc++";
				CLANG_ENABLE_MODULES = YES;
				CLANG_ENABLE_OBJC_ARC = YES;
				CLANG_WARN_BLOCK_CAPTURE_AUTORELEASING = YES;
				CLANG_WARN_BOOL_CONVERSION = YES;
				CLANG_WARN_COMMA = YES;
				CLANG_WARN_CONSTANT_CONVERSION = YES;
				CLANG_WARN_DIRECT_OBJC_ISA_USAGE = YES_ERROR;
				CLANG_WARN_DOCUMENTATION_COMMENTS = YES;
				CLANG_WARN_EMPTY_BODY = YES;
				CLANG_WARN_ENUM_CONVERSION = YES;
				CLANG_WARN_INFINITE_RECURSION = YES;
				CLANG_WARN_INT_CONVERSION = YES;
				CLANG_WARN_NON_LITERAL_NULL_CONVERSION = YES;
				CLANG_WARN_OBJC_LITERAL_CONVERSION = YES;
				CLANG_WARN_OBJC_ROOT_CLASS = YES_ERROR;
				CLANG_WARN_RANGE_LOOP_ANALYSIS = YES;
				CLANG_WARN_STRICT_PROTOTYPES = YES;
				CLANG_WARN_SUSPICIOUS_MOVE = YES;
				CLANG_WARN_UNGUARDED_AVAILABILITY = YES_AGGRESSIVE;
				CLANG_WARN_UNREACHABLE_CODE = YES;
				CLANG_WARN__DUPLICATE_METHOD_MATCH = YES;
				CODE_SIGN_IDENTITY = "iPhone Developer";
				COPY_PHASE_STRIP = NO;
				DEBUG_INFORMATION_FORMAT = dwarf;
				ENABLE_STRICT_OBJC_MSGSEND = YES;
				ENABLE_TESTABILITY = YES;
				GCC_C_LANGUAGE_STANDARD = gnu11;
				GCC_DYNAMIC_NO_PIC = NO;
				GCC_NO_COMMON_BLOCKS = YES;
				GCC_OPTIMIZATION_LEVEL = 0;
				GCC_PREPROCESSOR_DEFINITIONS = (
					"DEBUG=1",
					"$(inherited)",
				);
				GCC_WARN_64_TO_32_BIT_CONVERSION = YES;
				GCC_WARN_ABOUT_RETURN_TYPE = YES_ERROR;
				GCC_WARN_UNDECLARED_SELECTOR = YES;
				GCC_WARN_UNINITIALIZED_AUTOS = YES_AGGRESSIVE;
				GCC_WARN_UNUSED_FUNCTION = YES;
				GCC_WARN_UNUSED_VARIABLE = YES;
				IPHONEOS_DEPLOYMENT_TARGET = 11.2;
				MTL_ENABLE_DEBUG_INFO = YES;
				ONLY_ACTIVE_ARCH = YES;
				SDKROOT = iphoneos;
				SWIFT_ACTIVE_COMPILATION_CONDITIONS = DEBUG;
				SWIFT_OPTIMIZATION_LEVEL = "-Onone";
			};
			name = Debug;
		};
		6F104FB41FE1E1FB00B1AA8A /* Release */ = {
			isa = XCBuildConfiguration;
			buildSettings = {
				ALWAYS_SEARCH_USER_PATHS = NO;
				CLANG_ANALYZER_NONNULL = YES;
				CLANG_ANALYZER_NUMBER_OBJECT_CONVERSION = YES_AGGRESSIVE;
				CLANG_CXX_LANGUAGE_STANDARD = "gnu++14";
				CLANG_CXX_LIBRARY = "libc++";
				CLANG_ENABLE_MODULES = YES;
				CLANG_ENABLE_OBJC_ARC = YES;
				CLANG_WARN_BLOCK_CAPTURE_AUTORELEASING = YES;
				CLANG_WARN_BOOL_CONVERSION = YES;
				CLANG_WARN_COMMA = YES;
				CLANG_WARN_CONSTANT_CONVERSION = YES;
				CLANG_WARN_DIRECT_OBJC_ISA_USAGE = YES_ERROR;
				CLANG_WARN_DOCUMENTATION_COMMENTS = YES;
				CLANG_WARN_EMPTY_BODY = YES;
				CLANG_WARN_ENUM_CONVERSION = YES;
				CLANG_WARN_INFINITE_RECURSION = YES;
				CLANG_WARN_INT_CONVERSION = YES;
				CLANG_WARN_NON_LITERAL_NULL_CONVERSION = YES;
				CLANG_WARN_OBJC_LITERAL_CONVERSION = YES;
				CLANG_WARN_OBJC_ROOT_CLASS = YES_ERROR;
				CLANG_WARN_RANGE_LOOP_ANALYSIS = YES;
				CLANG_WARN_STRICT_PROTOTYPES = YES;
				CLANG_WARN_SUSPICIOUS_MOVE = YES;
				CLANG_WARN_UNGUARDED_AVAILABILITY = YES_AGGRESSIVE;
				CLANG_WARN_UNREACHABLE_CODE = YES;
				CLANG_WARN__DUPLICATE_METHOD_MATCH = YES;
				CODE_SIGN_IDENTITY = "iPhone Developer";
				COPY_PHASE_STRIP = NO;
				DEBUG_INFORMATION_FORMAT = "dwarf-with-dsym";
				ENABLE_NS_ASSERTIONS = NO;
				ENABLE_STRICT_OBJC_MSGSEND = YES;
				GCC_C_LANGUAGE_STANDARD = gnu11;
				GCC_NO_COMMON_BLOCKS = YES;
				GCC_WARN_64_TO_32_BIT_CONVERSION = YES;
				GCC_WARN_ABOUT_RETURN_TYPE = YES_ERROR;
				GCC_WARN_UNDECLARED_SELECTOR = YES;
				GCC_WARN_UNINITIALIZED_AUTOS = YES_AGGRESSIVE;
				GCC_WARN_UNUSED_FUNCTION = YES;
				GCC_WARN_UNUSED_VARIABLE = YES;
				IPHONEOS_DEPLOYMENT_TARGET = 11.2;
				MTL_ENABLE_DEBUG_INFO = NO;
				SDKROOT = iphoneos;
				SWIFT_OPTIMIZATION_LEVEL = "-Owholemodule";
				VALIDATE_PRODUCT = YES;
			};
			name = Release;
		};
		6F104FB61FE1E1FB00B1AA8A /* Debug */ = {
			isa = XCBuildConfiguration;
			baseConfigurationReference = 2F75F3070F2A9F554B728E58 /* Pods-Twittistics.debug.xcconfig */;
			buildSettings = {
				ASSETCATALOG_COMPILER_APPICON_NAME = AppIcon;
				ASSETCATALOG_COMPILER_LAUNCHIMAGE_NAME = LaunchImage;
				CODE_SIGN_STYLE = Automatic;
				DEVELOPMENT_TEAM = N2NF9KW4Q2;
				INFOPLIST_FILE = Twittistics/Info.plist;
				LD_RUNPATH_SEARCH_PATHS = "$(inherited) @executable_path/Frameworks";
				PRODUCT_BUNDLE_IDENTIFIER = com.pedroremedios.Twittistics;
				PRODUCT_NAME = "$(TARGET_NAME)";
				SWIFT_VERSION = 4.0;
				TARGETED_DEVICE_FAMILY = 1;
			};
			name = Debug;
		};
		6F104FB71FE1E1FB00B1AA8A /* Release */ = {
			isa = XCBuildConfiguration;
			baseConfigurationReference = E4B0F1417822013C39019CA3 /* Pods-Twittistics.release.xcconfig */;
			buildSettings = {
				ASSETCATALOG_COMPILER_APPICON_NAME = AppIcon;
				ASSETCATALOG_COMPILER_LAUNCHIMAGE_NAME = LaunchImage;
				CODE_SIGN_STYLE = Automatic;
				DEVELOPMENT_TEAM = N2NF9KW4Q2;
				INFOPLIST_FILE = Twittistics/Info.plist;
				LD_RUNPATH_SEARCH_PATHS = "$(inherited) @executable_path/Frameworks";
				PRODUCT_BUNDLE_IDENTIFIER = com.pedroremedios.Twittistics;
				PRODUCT_NAME = "$(TARGET_NAME)";
				SWIFT_VERSION = 4.0;
				TARGETED_DEVICE_FAMILY = 1;
			};
			name = Release;
		};
		6F104FB91FE1E1FB00B1AA8A /* Debug */ = {
			isa = XCBuildConfiguration;
			baseConfigurationReference = CD9201C21120A8C6E8F60CDD /* Pods-TwittisticsTests.debug.xcconfig */;
			buildSettings = {
				ALWAYS_EMBED_SWIFT_STANDARD_LIBRARIES = YES;
				BUNDLE_LOADER = "$(TEST_HOST)";
				CODE_SIGN_STYLE = Automatic;
				DEVELOPMENT_TEAM = N2NF9KW4Q2;
				INFOPLIST_FILE = TwittisticsTests/Info.plist;
				LD_RUNPATH_SEARCH_PATHS = "$(inherited) @executable_path/Frameworks @loader_path/Frameworks";
				PRODUCT_BUNDLE_IDENTIFIER = com.pedroremedios.TwittisticsTests;
				PRODUCT_NAME = "$(TARGET_NAME)";
				SWIFT_VERSION = 4.0;
				TARGETED_DEVICE_FAMILY = "1,2";
				TEST_HOST = "$(BUILT_PRODUCTS_DIR)/Twittistics.app/Twittistics";
			};
			name = Debug;
		};
		6F104FBA1FE1E1FB00B1AA8A /* Release */ = {
			isa = XCBuildConfiguration;
			baseConfigurationReference = 3D16285C5E915A8F0D4E92E3 /* Pods-TwittisticsTests.release.xcconfig */;
			buildSettings = {
				ALWAYS_EMBED_SWIFT_STANDARD_LIBRARIES = YES;
				BUNDLE_LOADER = "$(TEST_HOST)";
				CODE_SIGN_STYLE = Automatic;
				DEVELOPMENT_TEAM = N2NF9KW4Q2;
				INFOPLIST_FILE = TwittisticsTests/Info.plist;
				LD_RUNPATH_SEARCH_PATHS = "$(inherited) @executable_path/Frameworks @loader_path/Frameworks";
				PRODUCT_BUNDLE_IDENTIFIER = com.pedroremedios.TwittisticsTests;
				PRODUCT_NAME = "$(TARGET_NAME)";
				SWIFT_VERSION = 4.0;
				TARGETED_DEVICE_FAMILY = "1,2";
				TEST_HOST = "$(BUILT_PRODUCTS_DIR)/Twittistics.app/Twittistics";
			};
			name = Release;
		};
		6F104FBC1FE1E1FB00B1AA8A /* Debug */ = {
			isa = XCBuildConfiguration;
			baseConfigurationReference = 03195066F5A2F51655968B68 /* Pods-TwittisticsUITests.debug.xcconfig */;
			buildSettings = {
				ALWAYS_EMBED_SWIFT_STANDARD_LIBRARIES = YES;
				CODE_SIGN_STYLE = Automatic;
				DEVELOPMENT_TEAM = N2NF9KW4Q2;
				INFOPLIST_FILE = TwittisticsUITests/Info.plist;
				LD_RUNPATH_SEARCH_PATHS = "$(inherited) @executable_path/Frameworks @loader_path/Frameworks";
				PRODUCT_BUNDLE_IDENTIFIER = com.pedroremedios.TwittisticsUITests;
				PRODUCT_NAME = "$(TARGET_NAME)";
				SWIFT_VERSION = 4.0;
				TARGETED_DEVICE_FAMILY = "1,2";
				TEST_TARGET_NAME = Twittistics;
			};
			name = Debug;
		};
		6F104FBD1FE1E1FB00B1AA8A /* Release */ = {
			isa = XCBuildConfiguration;
			baseConfigurationReference = A02C520FD718E7CE830E6EE5 /* Pods-TwittisticsUITests.release.xcconfig */;
			buildSettings = {
				ALWAYS_EMBED_SWIFT_STANDARD_LIBRARIES = YES;
				CODE_SIGN_STYLE = Automatic;
				DEVELOPMENT_TEAM = N2NF9KW4Q2;
				INFOPLIST_FILE = TwittisticsUITests/Info.plist;
				LD_RUNPATH_SEARCH_PATHS = "$(inherited) @executable_path/Frameworks @loader_path/Frameworks";
				PRODUCT_BUNDLE_IDENTIFIER = com.pedroremedios.TwittisticsUITests;
				PRODUCT_NAME = "$(TARGET_NAME)";
				SWIFT_VERSION = 4.0;
				TARGETED_DEVICE_FAMILY = "1,2";
				TEST_TARGET_NAME = Twittistics;
			};
			name = Release;
		};
/* End XCBuildConfiguration section */

/* Begin XCConfigurationList section */
		6F104F881FE1E1FA00B1AA8A /* Build configuration list for PBXProject "Twittistics" */ = {
			isa = XCConfigurationList;
			buildConfigurations = (
				6F104FB31FE1E1FB00B1AA8A /* Debug */,
				6F104FB41FE1E1FB00B1AA8A /* Release */,
			);
			defaultConfigurationIsVisible = 0;
			defaultConfigurationName = Release;
		};
		6F104FB51FE1E1FB00B1AA8A /* Build configuration list for PBXNativeTarget "Twittistics" */ = {
			isa = XCConfigurationList;
			buildConfigurations = (
				6F104FB61FE1E1FB00B1AA8A /* Debug */,
				6F104FB71FE1E1FB00B1AA8A /* Release */,
			);
			defaultConfigurationIsVisible = 0;
			defaultConfigurationName = Release;
		};
		6F104FB81FE1E1FB00B1AA8A /* Build configuration list for PBXNativeTarget "TwittisticsTests" */ = {
			isa = XCConfigurationList;
			buildConfigurations = (
				6F104FB91FE1E1FB00B1AA8A /* Debug */,
				6F104FBA1FE1E1FB00B1AA8A /* Release */,
			);
			defaultConfigurationIsVisible = 0;
			defaultConfigurationName = Release;
		};
		6F104FBB1FE1E1FB00B1AA8A /* Build configuration list for PBXNativeTarget "TwittisticsUITests" */ = {
			isa = XCConfigurationList;
			buildConfigurations = (
				6F104FBC1FE1E1FB00B1AA8A /* Debug */,
				6F104FBD1FE1E1FB00B1AA8A /* Release */,
			);
			defaultConfigurationIsVisible = 0;
			defaultConfigurationName = Release;
		};
/* End XCConfigurationList section */
	};
	rootObject = 6F104F851FE1E1FA00B1AA8A /* Project object */;
}
